
Microsoft Visual Studio Solution File, Format Version 12.00
# Visual Studio 2013
VisualStudioVersion = 12.0.21005.1
MinimumVisualStudioVersion = 10.0.40219.1
Project("{00D1A9C2-B5F0-4AF3-8072-F6C62B433612}") = "DBReporter", "DBReporter\DBReporter.sqlproj", "{1B13BF4B-B18F-44CE-A7E0-2207940A7C83}"
EndProject
Global
	GlobalSection(SolutionConfigurationPlatforms) = preSolution
		Debug|Any CPU = Debug|Any CPU
		Release|Any CPU = Release|Any CPU
	EndGlobalSection
	GlobalSection(ProjectConfigurationPlatforms) = postSolution
		{1B13BF4B-B18F-44CE-A7E0-2207940A7C83}.Debug|Any CPU.ActiveCfg = Debug|Any CPU
		{1B13BF4B-B18F-44CE-A7E0-2207940A7C83}.Debug|Any CPU.Build.0 = Debug|Any CPU
		{1B13BF4B-B18F-44CE-A7E0-2207940A7C83}.Debug|Any CPU.Deploy.0 = Debug|Any CPU
		{1B13BF4B-B18F-44CE-A7E0-2207940A7C83}.Release|Any CPU.ActiveCfg = Release|Any CPU
		{1B13BF4B-B18F-44CE-A7E0-2207940A7C83}.Release|Any CPU.Build.0 = Release|Any CPU
		{1B13BF4B-B18F-44CE-A7E0-2207940A7C83}.Release|Any CPU.Deploy.0 = Release|Any CPU
	EndGlobalSection
	GlobalSection(SolutionProperties) = preSolution
		HideSolutionNode = FALSE
	EndGlobalSection
EndGlobal
